
Microsoft Visual Studio Solution File, Format Version 12.00
# Visual Studio Version 16
VisualStudioVersion = 16.0.32413.511
MinimumVisualStudioVersion = 10.0.40219.1
Project("{FAE04EC0-301F-11D3-BF4B-00C04F79EFBC}") = "AlgoritmicaLaborator3_FunctiiAndVectori_Array-uri", "AlgoritmicaLaborator3_FunctiiAndVectori_Array-uri\AlgoritmicaLaborator3_FunctiiAndVectori_Array-uri.csproj", "{8DC1F6A3-83B5-484E-A0FA-D2D4EA34CFA2}"
EndProject
Global
	GlobalSection(SolutionConfigurationPlatforms) = preSolution
		Debug|Any CPU = Debug|Any CPU
		Release|Any CPU = Release|Any CPU
	EndGlobalSection
	GlobalSection(ProjectConfigurationPlatforms) = postSolution
		{8DC1F6A3-83B5-484E-A0FA-D2D4EA34CFA2}.Debug|Any CPU.ActiveCfg = Debug|Any CPU
		{8DC1F6A3-83B5-484E-A0FA-D2D4EA34CFA2}.Debug|Any CPU.Build.0 = Debug|Any CPU
		{8DC1F6A3-83B5-484E-A0FA-D2D4EA34CFA2}.Release|Any CPU.ActiveCfg = Release|Any CPU
		{8DC1F6A3-83B5-484E-A0FA-D2D4EA34CFA2}.Release|Any CPU.Build.0 = Release|Any CPU
	EndGlobalSection
	GlobalSection(SolutionProperties) = preSolution
		HideSolutionNode = FALSE
	EndGlobalSection
	GlobalSection(ExtensibilityGlobals) = postSolution
		SolutionGuid = {B2CEB36C-3A15-4040-A851-C7F59F89F988}
	EndGlobalSection
EndGlobal
